
Microsoft Visual Studio Solution File, Format Version 12.00
# Visual Studio Version 17
VisualStudioVersion = 17.0.31903.59
MinimumVisualStudioVersion = 10.0.40219.1
Project("{9A19103F-16F7-4668-BE54-9A1E7A4F7556}") = "CryptoWatcher.Blazor", "CryptoWatcher.Blazor\CryptoWatcher.Blazor.csproj", "{FABA186A-DD8D-4F81-816D-D9991B31AA81}"
EndProject
Project("{2150E333-8FDC-42A3-9474-1A3956D46DE8}") = "Solution Items", "Solution Items", "{06C5E8A1-BAB6-4699-A7E9-8F54CA5C74E2}"
	ProjectSection(SolutionItems) = preProject
		.gitignore = .gitignore
		LICENSE = LICENSE
		readme.md = readme.md
	EndProjectSection
EndProject
Global
	GlobalSection(SolutionConfigurationPlatforms) = preSolution
		Debug|Any CPU = Debug|Any CPU
		Release|Any CPU = Release|Any CPU
	EndGlobalSection
	GlobalSection(ProjectConfigurationPlatforms) = postSolution
		{FABA186A-DD8D-4F81-816D-D9991B31AA81}.Debug|Any CPU.ActiveCfg = Debug|Any CPU
		{FABA186A-DD8D-4F81-816D-D9991B31AA81}.Debug|Any CPU.Build.0 = Debug|Any CPU
		{FABA186A-DD8D-4F81-816D-D9991B31AA81}.Release|Any CPU.ActiveCfg = Release|Any CPU
		{FABA186A-DD8D-4F81-816D-D9991B31AA81}.Release|Any CPU.Build.0 = Release|Any CPU
	EndGlobalSection
	GlobalSection(SolutionProperties) = preSolution
		HideSolutionNode = FALSE
	EndGlobalSection
	GlobalSection(ExtensibilityGlobals) = postSolution
		SolutionGuid = {D3004ADD-8F7E-4F2A-BAAA-496A02F4F998}
	EndGlobalSection
EndGlobal
